github.com/aws/aws-sdk-go-v2 v1.1.0/go.mod h1:smfAbmpW+tcRVuNUjo3MOArSZmW72t62rkCzc2i0TWM=
github.com/aws/aws-sdk-go-v2 v1.2.0 h1:BS+UYpbsElC82gB+2E2jiCBg36i8HlubTB/dO/moQ9c=
github.com/aws/aws-sdk-go-v2 v1.2.0/go.mod h1:zEQs02YRBw1DjK0PoJv3ygDYOFTre1ejlJWl8FwAuQo=
github.com/aws/aws-sdk-go-v2/config v1.1.0 h1:f3QVGpAcKrWpYNhKB8hE/buMjcfei95buQ5xdr/xYcU=
github.com/aws/aws-sdk-go-v2/config v1.1.0/go.mod h1:zfTyI6wH8yiZEvb6hGVza+S5oIB2lts2M7TDB4zMoeo=
github.com/aws/aws-sdk-go-v2/credentials v1.1.0 h1:RV0yzjGSNnJhTBco+01lwvWlc2m8gqBfha3D9dQDk78=
github.com/aws/aws-sdk-go-v2/credentials v1.1.0/go.mod h1:cV0qgln5tz/76IxAV0EsJVmmR5ZzKSQwWixsIvzk6lY=
github.com/aws/aws-sdk-go-v2/feature/ec2/imds v1.0.1 h1:eoT5e1jJf8Vcacu+mkEe1cgsgEAkuabpjhgq03GiXKc=
github.com/aws/aws-sdk-go-v2/feature/ec2/imds v1.0.1/go.mod h1:b+8dhYiS3m1xpzTZWk5EuQml/vSmPhKlzM/bAm/fttY=
github.com/aws/aws-sdk-go-v2/service/internal/accept-encoding v1.0.0 h1:jjZzz89+Uii7XKlgWXNHiLVtJfvCG8oVoMLpiWsjnt8=
github.com/aws/aws-sdk-go-v2/service/internal/accept-encoding v1.0.0/go.mod h1:cZbnzYflIuoRkuKp4BB4q/R4xklYIwpLYs26vS3/Sac=
github.com/aws/aws-sdk-go-v2/service/internal/presigned-url v1.0.1 h1:E7zGGgca12s7jA3VqirtaltXj5Wwe5eUIsUlNl1v+d8=
github.com/aws/aws-sdk-go-v2/service/internal/presigned-url v1.0.1/go.mod h1:PISaKWylTYAyruocNk4Lr9miOOJjOcVBd7twCPbydDk=
github.com/aws/aws-sdk-go-v2/service/internal/s3shared v1.0.1 h1:U78TX1VNmbtb7Mea2LdXQXNtLJ6wWZ0yDJgEYeRX0wg=
github.com/aws/aws-sdk-go-v2/service/internal/s3shared v1.0.1/go.mod h1:IQF5AljyiiUz/CnLbe1FeE3hZZ/Kr87gJ1+/yEYel3I=
github.com/aws/aws-sdk-go-v2/service/s3 v1.1.0 h1:d3PK2s3MB8ikznU/tChWoWQM2EVHo+4ZymURcl9WVE4=
github.com/aws/aws-sdk-go-v2/service/s3 v1.1.0/go.mod h1:FunhqiuImyH0bxYm3xESmYTwq4dcESZQeaSAO4GjnTc=
github.com/aws/aws-sdk-go-v2/service/sso v1.1.0 h1:oQ/FE7bk1MldOs6RBTr+D7uMv1RfQ8WxxBRuH4lYEEo=
github.com/aws/aws-sdk-go-v2/service/sso v1.1.0/go.mod h1:VnS0vieB4YxutHFP9ROJ3ciT3T/XJZjxxv9L39eo8OQ=
github.com/aws/aws-sdk-go-v2/service/sts v1.1.0 h1:X9oTTSm14wc0ef4dit7aIB02UIw1kVi/imV7zLhFDdM=
github.com/aws/aws-sdk-go-v2/service/sts v1.1.0/go.mod h1:A15vQm/MsXL3a410CxwKQ5IBoSvIg+cr10fEFzPgEYs=
github.com/aws/smithy-go v1.0.0/go.mod h1:EzMw8dbp/YJL4A5/sbhGddag+NPT7q084agLbB9LgIw=
github.com/aws/smithy-go v1.1.0 h1:D6CSsM3gdxaGaqXnPgOBCeL6Mophqzu7KJOu7zW78sU=
github.com/aws/smithy-go v1.1.0/go.mod h1:EzMw8dbp/YJL4A5/sbhGddag+NPT7q084agLbB9LgIw=
github.com/davecgh/go-spew v1.1.0/go.mod h1:J7Y8YcW2NihsgmVo/mv3lAwl/skON4iLHjSsI+c5H38=
github.com/davecgh/go-spew v1.1.1 h1:vj9j/u1bqnvCEfJOwUhtlOARqs3+rkHYY13jYWTU97c=
github.com/davecgh/go-spew v1.1.1/go.mod h1:J7Y8YcW2NihsgmVo/mv3lAwl/skON4iLHjSsI+c5H38=
github.com/getlantern/deepcopy v0.0.0-20160317154340-7f45deb8130a h1:yU/FENpkHYISWsQrbr3pcZOBj0EuRjPzNc1+dTCLu44=
github.com/getlantern/deepcopy v0.0.0-20160317154340-7f45deb8130a/go.mod h1:AEugkNu3BjBxyz958nJ5holD9PRjta6iprcoUauDbU4=
github.com/go-chi/chi v4.0.2+incompatible h1:maB6vn6FqCxrpz4FqWdh4+lwpyZIQS7YEAUcHlgXVRs=
github.com/go-chi/chi v4.0.2+incompatible/go.mod h1:eB3wogJHnLi3x/kFX2A+IbTBlXxmMeXJVKy9tTv1XzQ=
github.com/go-chi/cors v1.1.1 h1:eHuqxsIw89iXcWnWUN8R72JMibABJTN/4IOYI5WERvw=
github.com/go-chi/cors v1.1.1/go.mod h1:K2Yje0VW/SJzxiyMYu6iPQYa7hMjQX2i/F491VChg1I=
github.com/google/go-cmp v0.4.1/go.mod h1:v8dTdLbMG2kIc/vJvl+f65V22dbkXbowE6jgT/gNBxE=
github.com/google/go-cmp v0.5.4 h1:L8R9j+yAqZuZjsqh/z+F1NCffTKKLShY6zXTItVIZ8M=
github.com/google/go-cmp v0.5.4/go.mod h1:v8dTdLbMG2kIc/vJvl+f65V22dbkXbowE6jgT/gNBxE=
github.com/google/uuid v1.2.0 h1:qJYtXnJRWmpe7m/3XlyhrsLrEURqHRM2kxzoxXqyUDs=
github.com/google/uuid v1.2.0/go.mod h1:TIyPZe4MgqvfeYDBFedMoGGpEw/LqOeaOT+nhxU+yHo=
github.com/jmespath/go-jmespath v0.4.0/go.mod h1:T8mJZnbsbmF+m6zOOFylbeCJqk5+pHWvzYPziyZiYoo=
github.com/jmespath/go-jmespath/internal/testify v1.5.1/go.mod h1:L3OGu8Wl2/fWfCI6z80xFu9LTZmf1ZRjMHUOPmWr69U=
github.com/kr/pretty v0.1.0 h1:L/CwN0zerZDmRFUapSPitk6f+Q3+0za1rQkzVuMiMFI=
github.com/kr/pretty v0.1.0/go.mod h1:dAy3ld7l9f0ibDNOQOHHMYYIIbhfbHSm3C4ZsoJORNo=
github.com/kr/pty v1.1.1/go.mod h1:pFQYn66WHrOpPYNljwOMqo10TkYh1fy3cYio2l3bCsQ=
github.com/kr/text v0.1.0 h1:45sCR5RtlFHMR4UwH9sdQ5TC8v0qDQCHnXt+kaKSTVE=
github.com/kr/text v0.1.0/go.mod h1:4Jbv+DJW3UT/LiOwJeYQe1efqtUx/iVham/4vfdArNI=
github.com/pmezard/go-difflib v1.0.0 h1:4DBwDE0NGyQoBHbLQYPwSUPoCMWR5BEzIk/f1lZbAQM=
github.com/pmezard/go-difflib v1.0.0/go.mod h1:iKH77koFhYxTK1pcRnkKkqfTogsbg7gZNVY4sRDYZ/4=
github.com/sirupsen/logrus v1.9.0 h1:trlNQbNUG3OdDrDil03MCb1H2o9nJ1x4/5LYw7byDE0=
github.com/sirupsen/logrus v1.9.0/go.mod h1:naHLuLoDiP4jHNo9R0sCBMtWGeIprob74mVsIT4qYEQ=
github.com/stretchr/objx v0.1.0/go.mod h1:HFkY916IF+rwdDfMAkV7OtwuqBVzrE8GR6GFx+wExME=
github.com/stretchr/testify v1.7.0 h1:nwc3DEeHmmLAfoZucVR881uASk0Mfjw8xYJ99tb5CcY=
github.com/stretchr/testify v1.7.0/go.mod h1:6Fq8oRcR53rry900zMqJjRRixrwX3KX962/h/Wwjteg=
golang.org/x/sys v0.0.0-20220715151400-c0bba94af5f8 h1:0A+M6Uqn+Eje4kHMK80dtF3JCXC4ykBgQG4Fe06QRhQ=
golang.org/x/sys v0.0.0-20220715151400-c0bba94af5f8/go.mod h1:oPkhp1MJrh7nUepCBck5+mAzfO9JrbApNNgaTdGDITg=
golang.org/x/xerrors v0.0.0-20191204190536-9bdfabe68543 h1:E7g+9GITq07hpfrRu66IVDexMakfv52eLZ2CXBWiKr4=
golang.org/x/xerrors v0.0.0-20191204190536-9bdfabe68543/go.mod h1:I/5z698sn9Ka8TeJc9MKroUUfqBBauWjQqLJ2OPfmY0=
gopkg.in/check.v1 v0.0.0-20161208181325-20d25e280405/go.mod h1:Co6ibVJAznAaIkqp8huTwlJQCZ016jof/cbN4VW5Yz0=
gopkg.in/check.v1 v1.0.0-20190902080502-41f04d3bba15 h1:YR8cESwS4TdDjEe65xsg0ogRM/Nc3DYOhEAlW+xobZo=
gopkg.in/check.v1 v1.0.0-20190902080502-41f04d3bba15/go.mod h1:Co6ibVJAznAaIkqp8huTwlJQCZ016jof/cbN4VW5Yz0=
gopkg.in/yaml.v2 v2.2.8/go.mod h1:hI93XBmqTisBFMUTm0b8Fm+jr3Dg1NNxqwp+5A1VGuI=
gopkg.in/yaml.v3 v3.0.0-20200313102051-9f266ea9e77c h1:dUUwHk2QECo/6vqA44rthZ8ie2QXMNeKRTHCNY2nXvo=
gopkg.in/yaml.v3 v3.0.0-20200313102051-9f266ea9e77c/go.mod h1:K4uyk7z7BCEPqu6E+C64Yfv1cQ7kz7rIZviUmN+EgEM=
